<?xml version="1.0" encoding="utf-8"?>
<Project ToolsVersion="4.0" xmlns="http://schemas.microsoft.com/developer/msbuild/2003">
  <ItemGroup>
    <Filter Include="Resource Files">
      <UniqueIdentifier>{67DA6AB6-F800-4c08-8B7A-83BB121AAD01}</UniqueIdentifier>
      <Extensions>rc;ico;cur;bmp;dlg;rc2;rct;bin;rgs;gif;jpg;jpeg;jpe;resx;tiff;tif;png;wav;mfcribbon-ms</Extensions>
    </Filter>
    <Filter Include="External">
      <UniqueIdentifier>{2575f8b9-6f46-4e89-8e07-49c60db80455}</UniqueIdentifier>
    </Filter>
    <Filter Include="src">
      <UniqueIdentifier>{4de1a1e2-484f-4e23-930f-aea3197738bc}</UniqueIdentifier>
    </Filter>
    <Filter Include="src\Objects">
      <UniqueIdentifier>{56d72cf7-0639-4517-9bee-cbd47df9d6cc}</UniqueIdentifier>
    </Filter>
    <Filter Include="src\Interfaces">
      <UniqueIdentifier>{4cba57b7-75a0-4e7c-8cc1-b16b5d520308}</UniqueIdentifier>
    </Filter>
  </ItemGroup>
  <ItemGroup>
    <ClCompile Include="external\imgui\imgui.cpp">
      <Filter>External</Filter>
    </ClCompile>
    <ClCompile Include="external\imgui\imgui_demo.cpp">
      <Filter>External</Filter>
    </ClCompile>
    <ClCompile Include="external\imgui\imgui_draw.cpp">
      <Filter>External</Filter>
    </ClCompile>
    <ClCompile Include="external\imgui\imgui_impl_allegro5.cpp">
      <Filter>External</Filter>
    </ClCompile>
    <ClCompile Include="external\imgui\imgui_widgets.cpp">
      <Filter>External</Filter>
    </ClCompile>
    <ClCompile Include="main.cpp">
      <Filter>src</Filter>
    </ClCompile>
    <ClCompile Include="Object.cpp">
      <Filter>src\Objects</Filter>
    </ClCompile>
    <ClCompile Include="Shelf.cpp">
      <Filter>src\Objects</Filter>
    </ClCompile>
    <ClCompile Include="GraphicsEngine.cpp">
      <Filter>src</Filter>
    </ClCompile>
    <ClCompile Include="ObjectContainer.cpp">
      <Filter>src\Objects</Filter>
    </ClCompile>
    <ClCompile Include="Delivery.cpp">
      <Filter>src\Objects</Filter>
    </ClCompile>
  </ItemGroup>
  <ItemGroup>
    <None Include="packages.config" />
  </ItemGroup>
  <ItemGroup>
    <ClInclude Include="external\imgui\imconfig.h">
      <Filter>External</Filter>
    </ClInclude>
    <ClInclude Include="external\imgui\imgui.h">
      <Filter>External</Filter>
    </ClInclude>
    <ClInclude Include="external\imgui\imgui_impl_allegro5.h">
      <Filter>External</Filter>
    </ClInclude>
    <ClInclude Include="external\imgui\imgui_internal.h">
      <Filter>External</Filter>
    </ClInclude>
    <ClInclude Include="external\imgui\imstb_rectpack.h">
      <Filter>External</Filter>
    </ClInclude>
    <ClInclude Include="external\imgui\imstb_textedit.h">
      <Filter>External</Filter>
    </ClInclude>
    <ClInclude Include="external\imgui\imstb_truetype.h">
      <Filter>External</Filter>
    </ClInclude>
    <ClInclude Include="Common.hpp">
      <Filter>src</Filter>
    </ClInclude>
    <ClInclude Include="Object.h">
      <Filter>src\Objects</Filter>
    </ClInclude>
    <ClInclude Include="Shelf.h">
      <Filter>src\Objects</Filter>
    </ClInclude>
    <ClInclude Include="IGuiDebug.h">
      <Filter>src\Interfaces</Filter>
    </ClInclude>
    <ClInclude Include="DebugGui.h">
      <Filter>src</Filter>
    </ClInclude>
    <ClInclude Include="GraphicsEngine.h">
      <Filter>src</Filter>
    </ClInclude>
    <ClInclude Include="ObjectContainer.h">
      <Filter>src\Objects</Filter>
    </ClInclude>
    <ClInclude Include="Delivery.h">
      <Filter>src\Objects</Filter>
    </ClInclude>
  </ItemGroup>
</Project>